{
  "lockfile_version": "1",
  "packages": {
    "chart-testing@latest": {
      "last_modified": "2025-10-27T19:50:41Z",
      "resolved": "github:NixOS/nixpkgs/1666250dbe4141e4ca8aaf89b40a3a51c2e36144#chart-testing",
      "source": "devbox-search",
      "version": "3.14.0",
      "systems": {
        "aarch64-darwin": {
          "outputs": [
            {
              "name": "out",
              "path": "/nix/store/ramfj5xni7p4w7i8cwdig659qcjsgl0q-chart-testing-3.14.0",
              "default": true
            }
          ],
          "store_path": "/nix/store/ramfj5xni7p4w7i8cwdig659qcjsgl0q-chart-testing-3.14.0"
        },
        "aarch64-linux": {
          "outputs": [
            {
              "name": "out",
              "path": "/nix/store/0pcjkkkim5j9h15mx3l9jmxr0gjzhprz-chart-testing-3.14.0",
              "default": true
            }
          ],
          "store_path": "/nix/store/0pcjkkkim5j9h15mx3l9jmxr0gjzhprz-chart-testing-3.14.0"
        },
        "x86_64-darwin": {
          "outputs": [
            {
              "name": "out",
              "path": "/nix/store/7hys99kkyqqvdm9pza7mca051l3vnwz4-chart-testing-3.14.0",
              "default": true
            }
          ],
          "store_path": "/nix/store/7hys99kkyqqvdm9pza7mca051l3vnwz4-chart-testing-3.14.0"
        },
        "x86_64-linux": {
          "outputs": [
            {
              "name": "out",
              "path": "/nix/store/li43r4mr23vqjb8gwjp907y3x468yq11-chart-testing-3.14.0",
              "default": true
            }
          ],
          "store_path": "/nix/store/li43r4mr23vqjb8gwjp907y3x468yq11-chart-testing-3.14.0"
        }
      }
    },
    "github:NixOS/nixpkgs/nixpkgs-unstable": {
      "last_modified": "2025-11-08T12:28:21Z",
      "resolved": "github:NixOS/nixpkgs/f6b44b2401525650256b977063dbcf830f762369?lastModified=1762604901&narHash=sha256-Pr2jpryIaQr9Yx8p6QssS03wqB6UifnnLr3HJw9veDw%3D"
    },
    "kind@latest": {
      "last_modified": "2025-10-22T20:59:19Z",
      "resolved": "github:NixOS/nixpkgs/01b6809f7f9d1183a2b3e081f0a1e6f8f415cb09#kind",
      "source": "devbox-search",
      "version": "0.30.0",
      "systems": {
        "aarch64-darwin": {
          "outputs": [
            {
              "name": "out",
              "path": "/nix/store/0jqqgl8vg7ppk70zgagfbv7maydcz2r4-kind-0.30.0",
              "default": true
            }
          ],
          "store_path": "/nix/store/0jqqgl8vg7ppk70zgagfbv7maydcz2r4-kind-0.30.0"
        },
        "aarch64-linux": {
          "outputs": [
            {
              "name": "out",
              "path": "/nix/store/4fh21i34gifqz12d2kbk2r14xyh4m885-kind-0.30.0",
              "default": true
            }
          ],
          "store_path": "/nix/store/4fh21i34gifqz12d2kbk2r14xyh4m885-kind-0.30.0"
        },
        "x86_64-darwin": {
          "outputs": [
            {
              "name": "out",
              "path": "/nix/store/ip0ba3b4dgp7b6bivdshf1x668hh72cc-kind-0.30.0",
              "default": true
            }
          ],
          "store_path": "/nix/store/ip0ba3b4dgp7b6bivdshf1x668hh72cc-kind-0.30.0"
        },
        "x86_64-linux": {
          "outputs": [
            {
              "name": "out",
              "path": "/nix/store/wrznv97xc63ijk541f95zyzn09s6qlzy-kind-0.30.0",
              "default": true
            }
          ],
          "store_path": "/nix/store/wrznv97xc63ijk541f95zyzn09s6qlzy-kind-0.30.0"
        }
      }
    },
    "kubectl@latest": {
      "last_modified": "2025-10-22T20:59:19Z",
      "resolved": "github:NixOS/nixpkgs/01b6809f7f9d1183a2b3e081f0a1e6f8f415cb09#kubectl",
      "source": "devbox-search",
      "version": "1.34.1",
      "systems": {
        "aarch64-darwin": {
          "outputs": [
            {
              "name": "out",
              "path": "/nix/store/pv5lknr9a985cdmxy0zqg0vk0562w1js-kubectl-1.34.1",
              "default": true
            },
            {
              "name": "man",
              "path": "/nix/store/5xfa19i31d4vhvbjihf6inqbp410fsp5-kubectl-1.34.1-man",
              "default": true
            },
            {
              "name": "convert",
              "path": "/nix/store/ciffxa4czjlmjzmq4yq21l8zkjvadxsq-kubectl-1.34.1-convert"
            }
          ],
          "store_path": "/nix/store/pv5lknr9a985cdmxy0zqg0vk0562w1js-kubectl-1.34.1"
        },
        "aarch64-linux": {
          "outputs": [
            {
              "name": "out",
              "path": "/nix/store/8xfnh8k465mm5q2cnh83hqk3h4p9i9n2-kubectl-1.34.1",
              "default": true
            },
            {
              "name": "man",
              "path": "/nix/store/0s8wk88y5rnvnbgsy77x3ak02fnsq01i-kubectl-1.34.1-man",
              "default": true
            },
            {
              "name": "convert",
              "path": "/nix/store/hhdzbn767znxinwswfqab0d0bg2jpwln-kubectl-1.34.1-convert"
            }
          ],
          "store_path": "/nix/store/8xfnh8k465mm5q2cnh83hqk3h4p9i9n2-kubectl-1.34.1"
        },
        "x86_64-darwin": {
          "outputs": [
            {
              "name": "out",
              "path": "/nix/store/80mql1xb9i7l5pb9cs5kmmgxhp351lv1-kubectl-1.34.1",
              "default": true
            },
            {
              "name": "man",
              "path": "/nix/store/qf79cl59w1kga58030s9a9nvk2b3m1qc-kubectl-1.34.1-man",
              "default": true
            },
            {
              "name": "convert",
              "path": "/nix/store/0msa3w7f7bazgfpa2icmz7fkvcdrn4d7-kubectl-1.34.1-convert"
            }
          ],
          "store_path": "/nix/store/80mql1xb9i7l5pb9cs5kmmgxhp351lv1-kubectl-1.34.1"
        },
        "x86_64-linux": {
          "outputs": [
            {
              "name": "out",
              "path": "/nix/store/hkdsjac8x7pvq0lmazmg7qs6y8k6kayh-kubectl-1.34.1",
              "default": true
            },
            {
              "name": "man",
              "path": "/nix/store/g5wlm6mrnf1pgjqapfb5r8zkh37rizgf-kubectl-1.34.1-man",
              "default": true
            },
            {
              "name": "convert",
              "path": "/nix/store/aq74byw89ckq4hiw85gl2cq4c8h99wqi-kubectl-1.34.1-convert"
            }
          ],
          "store_path": "/nix/store/hkdsjac8x7pvq0lmazmg7qs6y8k6kayh-kubectl-1.34.1"
        }
      }
    },
    "kubernetes-helm@latest": {
      "last_modified": "2025-10-22T20:59:19Z",
      "resolved": "github:NixOS/nixpkgs/01b6809f7f9d1183a2b3e081f0a1e6f8f415cb09#kubernetes-helm",
      "source": "devbox-search",
      "version": "3.19.0",
      "systems": {
        "aarch64-darwin": {
          "outputs": [
            {
              "name": "out",
              "path": "/nix/store/bacpi311s0g9s86lfx2jd1p2wf3ddp9z-kubernetes-helm-3.19.0",
              "default": true
            }
          ],
          "store_path": "/nix/store/bacpi311s0g9s86lfx2jd1p2wf3ddp9z-kubernetes-helm-3.19.0"
        },
        "aarch64-linux": {
          "outputs": [
            {
              "name": "out",
              "path": "/nix/store/nla16isv3jp1lp7m12hf80g1wsc2vqdb-kubernetes-helm-3.19.0",
              "default": true
            }
          ],
          "store_path": "/nix/store/nla16isv3jp1lp7m12hf80g1wsc2vqdb-kubernetes-helm-3.19.0"
        },
        "x86_64-darwin": {
          "outputs": [
            {
              "name": "out",
              "path": "/nix/store/5crm4xm7pji6zh01gy1a6wk2r76mcn8d-kubernetes-helm-3.19.0",
              "default": true
            }
          ],
          "store_path": "/nix/store/5crm4xm7pji6zh01gy1a6wk2r76mcn8d-kubernetes-helm-3.19.0"
        },
        "x86_64-linux": {
          "outputs": [
            {
              "name": "out",
              "path": "/nix/store/q0cxby7givhaah1xkr6v76xn9q99jy85-kubernetes-helm-3.19.0",
              "default": true
            }
          ],
          "store_path": "/nix/store/q0cxby7givhaah1xkr6v76xn9q99jy85-kubernetes-helm-3.19.0"
        }
      }
    },
    "python@latest": {
      "last_modified": "2025-10-22T20:59:19Z",
      "plugin_version": "0.0.4",
      "resolved": "github:NixOS/nixpkgs/01b6809f7f9d1183a2b3e081f0a1e6f8f415cb09#python314",
      "source": "devbox-search",
      "version": "3.14.0",
      "systems": {
        "aarch64-darwin": {
          "outputs": [
            {
              "name": "out",
              "path": "/nix/store/7rai4cm476kqnldsy72v7f6nfvdyj7x3-python3-3.14.0",
              "default": true
            }
          ],
          "store_path": "/nix/store/7rai4cm476kqnldsy72v7f6nfvdyj7x3-python3-3.14.0"
        },
        "aarch64-linux": {
          "outputs": [
            {
              "name": "out",
              "path": "/nix/store/62757miqpqnkr21mkvzqva2xjdqwxlsv-python3-3.14.0",
              "default": true
            },
            {
              "name": "debug",
              "path": "/nix/store/5rnwkq9b4c3qbifhzgfqmkgws0fq9kbf-python3-3.14.0-debug"
            }
          ],
          "store_path": "/nix/store/62757miqpqnkr21mkvzqva2xjdqwxlsv-python3-3.14.0"
        },
        "x86_64-darwin": {
          "outputs": [
            {
              "name": "out",
              "path": "/nix/store/7sfklvafg6rknjh0712xhhg5nfh1ka8q-python3-3.14.0",
              "default": true
            }
          ],
          "store_path": "/nix/store/7sfklvafg6rknjh0712xhhg5nfh1ka8q-python3-3.14.0"
        },
        "x86_64-linux": {
          "outputs": [
            {
              "name": "out",
              "path": "/nix/store/qr8r21z56anbmp1dji1kfyfi5wakshz5-python3-3.14.0",
              "default": true
            },
            {
              "name": "debug",
              "path": "/nix/store/n1n81aqgrlhnski2630wdijnngzsbpqh-python3-3.14.0-debug"
            }
          ],
          "store_path": "/nix/store/qr8r21z56anbmp1dji1kfyfi5wakshz5-python3-3.14.0"
        }
      }
    }
  }
}
